
Microsoft Visual Studio Solution File, Format Version 12.00
# Visual Studio Version 16
VisualStudioVersion = 16.0.30907.101
MinimumVisualStudioVersion = 10.0.40219.1
Project("{9A19103F-16F7-4668-BE54-9A1E7A4F7556}") = "DataAccess", "DataAccess\DataAccess.csproj", "{4324E72A-8546-47E9-B550-E3AC48F21148}"
EndProject
Project("{9A19103F-16F7-4668-BE54-9A1E7A4F7556}") = "Business", "Business\Business.csproj", "{93B9525A-0225-4D2A-BC23-4F21886C56E0}"
EndProject
Project("{9A19103F-16F7-4668-BE54-9A1E7A4F7556}") = "Entities", "Entities\Entities.csproj", "{C11EAD40-AFAD-4C9F-B2F0-884A143CA64F}"
EndProject
Project("{9A19103F-16F7-4668-BE54-9A1E7A4F7556}") = "ConsoleUI", "ConsoleUI\ConsoleUI.csproj", "{F530C28C-3DF8-4181-9129-B3517885F378}"
EndProject
Project("{9A19103F-16F7-4668-BE54-9A1E7A4F7556}") = "Core", "Core\Core.csproj", "{AE36DD84-BA8A-4B12-84F4-E58F7F19BEDA}"
EndProject
Project("{FAE04EC0-301F-11D3-BF4B-00C04F79EFBC}") = "WebAPI", "WebAPI\WebAPI.csproj", "{27F5843C-96EC-4646-BB19-402366651611}"
EndProject
Global
	GlobalSection(SolutionConfigurationPlatforms) = preSolution
		Debug|Any CPU = Debug|Any CPU
		Release|Any CPU = Release|Any CPU
	EndGlobalSection
	GlobalSection(ProjectConfigurationPlatforms) = postSolution
		{4324E72A-8546-47E9-B550-E3AC48F21148}.Debug|Any CPU.ActiveCfg = Debug|Any CPU
		{4324E72A-8546-47E9-B550-E3AC48F21148}.Debug|Any CPU.Build.0 = Debug|Any CPU
		{4324E72A-8546-47E9-B550-E3AC48F21148}.Release|Any CPU.ActiveCfg = Release|Any CPU
		{4324E72A-8546-47E9-B550-E3AC48F21148}.Release|Any CPU.Build.0 = Release|Any CPU
		{93B9525A-0225-4D2A-BC23-4F21886C56E0}.Debug|Any CPU.ActiveCfg = Debug|Any CPU
		{93B9525A-0225-4D2A-BC23-4F21886C56E0}.Debug|Any CPU.Build.0 = Debug|Any CPU
		{93B9525A-0225-4D2A-BC23-4F21886C56E0}.Release|Any CPU.ActiveCfg = Release|Any CPU
		{93B9525A-0225-4D2A-BC23-4F21886C56E0}.Release|Any CPU.Build.0 = Release|Any CPU
		{C11EAD40-AFAD-4C9F-B2F0-884A143CA64F}.Debug|Any CPU.ActiveCfg = Debug|Any CPU
		{C11EAD40-AFAD-4C9F-B2F0-884A143CA64F}.Debug|Any CPU.Build.0 = Debug|Any CPU
		{C11EAD40-AFAD-4C9F-B2F0-884A143CA64F}.Release|Any CPU.ActiveCfg = Release|Any CPU
		{C11EAD40-AFAD-4C9F-B2F0-884A143CA64F}.Release|Any CPU.Build.0 = Release|Any CPU
		{F530C28C-3DF8-4181-9129-B3517885F378}.Debug|Any CPU.ActiveCfg = Debug|Any CPU
		{F530C28C-3DF8-4181-9129-B3517885F378}.Debug|Any CPU.Build.0 = Debug|Any CPU
		{F530C28C-3DF8-4181-9129-B3517885F378}.Release|Any CPU.ActiveCfg = Release|Any CPU
		{F530C28C-3DF8-4181-9129-B3517885F378}.Release|Any CPU.Build.0 = Release|Any CPU
		{AE36DD84-BA8A-4B12-84F4-E58F7F19BEDA}.Debug|Any CPU.ActiveCfg = Debug|Any CPU
		{AE36DD84-BA8A-4B12-84F4-E58F7F19BEDA}.Debug|Any CPU.Build.0 = Debug|Any CPU
		{AE36DD84-BA8A-4B12-84F4-E58F7F19BEDA}.Release|Any CPU.ActiveCfg = Release|Any CPU
		{AE36DD84-BA8A-4B12-84F4-E58F7F19BEDA}.Release|Any CPU.Build.0 = Release|Any CPU
		{27F5843C-96EC-4646-BB19-402366651611}.Debug|Any CPU.ActiveCfg = Debug|Any CPU
		{27F5843C-96EC-4646-BB19-402366651611}.Debug|Any CPU.Build.0 = Debug|Any CPU
		{27F5843C-96EC-4646-BB19-402366651611}.Release|Any CPU.ActiveCfg = Release|Any CPU
		{27F5843C-96EC-4646-BB19-402366651611}.Release|Any CPU.Build.0 = Release|Any CPU
	EndGlobalSection
	GlobalSection(SolutionProperties) = preSolution
		HideSolutionNode = FALSE
	EndGlobalSection
	GlobalSection(ExtensibilityGlobals) = postSolution
		SolutionGuid = {526107BC-3379-4D2B-B51A-FAA4835A231D}
	EndGlobalSection
EndGlobal
